
Microsoft Visual Studio Solution File, Format Version 12.00
# Visual Studio Version 16
VisualStudioVersion = 16.0.30413.136
MinimumVisualStudioVersion = 10.0.40219.1
Project("{FAE04EC0-301F-11D3-BF4B-00C04F79EFBC}") = "RazorPagesMovie", "RazorPagesMovie.csproj", "{B556E7C6-06B4-4402-B57A-3226567D1B68}"
EndProject
Global
	GlobalSection(SolutionConfigurationPlatforms) = preSolution
		Debug|Any CPU = Debug|Any CPU
		Release|Any CPU = Release|Any CPU
	EndGlobalSection
	GlobalSection(ProjectConfigurationPlatforms) = postSolution
		{B556E7C6-06B4-4402-B57A-3226567D1B68}.Debug|Any CPU.ActiveCfg = Debug|Any CPU
		{B556E7C6-06B4-4402-B57A-3226567D1B68}.Debug|Any CPU.Build.0 = Debug|Any CPU
		{B556E7C6-06B4-4402-B57A-3226567D1B68}.Release|Any CPU.ActiveCfg = Release|Any CPU
		{B556E7C6-06B4-4402-B57A-3226567D1B68}.Release|Any CPU.Build.0 = Release|Any CPU
	EndGlobalSection
	GlobalSection(SolutionProperties) = preSolution
		HideSolutionNode = FALSE
	EndGlobalSection
	GlobalSection(ExtensibilityGlobals) = postSolution
		SolutionGuid = {66FA0116-4D2B-405D-93BA-032054794124}
	EndGlobalSection
EndGlobal
